
Microsoft Visual Studio Solution File, Format Version 12.00
# Visual Studio Version 17
VisualStudioVersion = 17.10.35122.118
MinimumVisualStudioVersion = 10.0.40219.1
Project("{FAE04EC0-301F-11D3-BF4B-00C04F79EFBC}") = "OOPS", "OOPS\OOPS.csproj", "{98FC85DC-374D-4479-9AB9-6FD9B1FEE328}"
EndProject
Global
	GlobalSection(SolutionConfigurationPlatforms) = preSolution
		Debug|Any CPU = Debug|Any CPU
		Release|Any CPU = Release|Any CPU
	EndGlobalSection
	GlobalSection(ProjectConfigurationPlatforms) = postSolution
		{98FC85DC-374D-4479-9AB9-6FD9B1FEE328}.Debug|Any CPU.ActiveCfg = Debug|Any CPU
		{98FC85DC-374D-4479-9AB9-6FD9B1FEE328}.Debug|Any CPU.Build.0 = Debug|Any CPU
		{98FC85DC-374D-4479-9AB9-6FD9B1FEE328}.Release|Any CPU.ActiveCfg = Release|Any CPU
		{98FC85DC-374D-4479-9AB9-6FD9B1FEE328}.Release|Any CPU.Build.0 = Release|Any CPU
	EndGlobalSection
	GlobalSection(SolutionProperties) = preSolution
		HideSolutionNode = FALSE
	EndGlobalSection
	GlobalSection(ExtensibilityGlobals) = postSolution
		SolutionGuid = {933AF60C-36E0-4D2F-8EA9-582D80F6B90C}
	EndGlobalSection
EndGlobal
